
Microsoft Visual Studio Solution File, Format Version 12.00
# Visual Studio Version 17
VisualStudioVersion = 17.2.32630.192
MinimumVisualStudioVersion = 10.0.40219.1
Project("{FAE04EC0-301F-11D3-BF4B-00C04F79EFBC}") = "AbstractClasses", "AbstractClasses\AbstractClasses.csproj", "{2F58559F-43D9-4894-959A-0712DDB7E85D}"
EndProject
Project("{FAE04EC0-301F-11D3-BF4B-00C04F79EFBC}") = "Homework", "Homework\Homework.csproj", "{039E5578-E2DF-4083-9114-605D2E769A31}"
EndProject
Global
	GlobalSection(SolutionConfigurationPlatforms) = preSolution
		Debug|Any CPU = Debug|Any CPU
		Release|Any CPU = Release|Any CPU
	EndGlobalSection
	GlobalSection(ProjectConfigurationPlatforms) = postSolution
		{2F58559F-43D9-4894-959A-0712DDB7E85D}.Debug|Any CPU.ActiveCfg = Debug|Any CPU
		{2F58559F-43D9-4894-959A-0712DDB7E85D}.Debug|Any CPU.Build.0 = Debug|Any CPU
		{2F58559F-43D9-4894-959A-0712DDB7E85D}.Release|Any CPU.ActiveCfg = Release|Any CPU
		{2F58559F-43D9-4894-959A-0712DDB7E85D}.Release|Any CPU.Build.0 = Release|Any CPU
		{039E5578-E2DF-4083-9114-605D2E769A31}.Debug|Any CPU.ActiveCfg = Debug|Any CPU
		{039E5578-E2DF-4083-9114-605D2E769A31}.Debug|Any CPU.Build.0 = Debug|Any CPU
		{039E5578-E2DF-4083-9114-605D2E769A31}.Release|Any CPU.ActiveCfg = Release|Any CPU
		{039E5578-E2DF-4083-9114-605D2E769A31}.Release|Any CPU.Build.0 = Release|Any CPU
	EndGlobalSection
	GlobalSection(SolutionProperties) = preSolution
		HideSolutionNode = FALSE
	EndGlobalSection
	GlobalSection(ExtensibilityGlobals) = postSolution
		SolutionGuid = {DD62F0B5-8D36-4BFA-93D3-6947DFA761A0}
	EndGlobalSection
EndGlobal
