
Microsoft Visual Studio Solution File, Format Version 12.00
# Visual Studio Version 17
VisualStudioVersion = 17.1.32414.318
MinimumVisualStudioVersion = 10.0.40219.1
Project("{FAE04EC0-301F-11D3-BF4B-00C04F79EFBC}") = "Namespaces", "Namespaces\Namespaces.csproj", "{11AB8DBA-2B27-4018-BA6C-A8DAF49E8BDA}"
EndProject
Global
	GlobalSection(SolutionConfigurationPlatforms) = preSolution
		Debug|Any CPU = Debug|Any CPU
		Release|Any CPU = Release|Any CPU
	EndGlobalSection
	GlobalSection(ProjectConfigurationPlatforms) = postSolution
		{11AB8DBA-2B27-4018-BA6C-A8DAF49E8BDA}.Debug|Any CPU.ActiveCfg = Debug|Any CPU
		{11AB8DBA-2B27-4018-BA6C-A8DAF49E8BDA}.Debug|Any CPU.Build.0 = Debug|Any CPU
		{11AB8DBA-2B27-4018-BA6C-A8DAF49E8BDA}.Release|Any CPU.ActiveCfg = Release|Any CPU
		{11AB8DBA-2B27-4018-BA6C-A8DAF49E8BDA}.Release|Any CPU.Build.0 = Release|Any CPU
	EndGlobalSection
	GlobalSection(SolutionProperties) = preSolution
		HideSolutionNode = FALSE
	EndGlobalSection
	GlobalSection(ExtensibilityGlobals) = postSolution
		SolutionGuid = {B6446977-B4E6-4608-B0A7-B59A83F818E7}
	EndGlobalSection
EndGlobal
