
Microsoft Visual Studio Solution File, Format Version 12.00
# Visual Studio Version 17
VisualStudioVersion = 17.1.32210.238
MinimumVisualStudioVersion = 10.0.40219.1
Project("{FAE04EC0-301F-11D3-BF4B-00C04F79EFBC}") = "ExceptionHandling", "ExceptionHandling\ExceptionHandling.csproj", "{1CCFC20A-8CAC-4892-A741-B0A36A0CC5F9}"
EndProject
Project("{FAE04EC0-301F-11D3-BF4B-00C04F79EFBC}") = "ExceptionHandling_Homework", "ExceptionHandling_Homework\ExceptionHandling_Homework.csproj", "{F362C010-C4B8-4703-9725-C8B167435A38}"
EndProject
Global
	GlobalSection(SolutionConfigurationPlatforms) = preSolution
		Debug|Any CPU = Debug|Any CPU
		Release|Any CPU = Release|Any CPU
	EndGlobalSection
	GlobalSection(ProjectConfigurationPlatforms) = postSolution
		{1CCFC20A-8CAC-4892-A741-B0A36A0CC5F9}.Debug|Any CPU.ActiveCfg = Debug|Any CPU
		{1CCFC20A-8CAC-4892-A741-B0A36A0CC5F9}.Debug|Any CPU.Build.0 = Debug|Any CPU
		{1CCFC20A-8CAC-4892-A741-B0A36A0CC5F9}.Release|Any CPU.ActiveCfg = Release|Any CPU
		{1CCFC20A-8CAC-4892-A741-B0A36A0CC5F9}.Release|Any CPU.Build.0 = Release|Any CPU
		{F362C010-C4B8-4703-9725-C8B167435A38}.Debug|Any CPU.ActiveCfg = Debug|Any CPU
		{F362C010-C4B8-4703-9725-C8B167435A38}.Debug|Any CPU.Build.0 = Debug|Any CPU
		{F362C010-C4B8-4703-9725-C8B167435A38}.Release|Any CPU.ActiveCfg = Release|Any CPU
		{F362C010-C4B8-4703-9725-C8B167435A38}.Release|Any CPU.Build.0 = Release|Any CPU
	EndGlobalSection
	GlobalSection(SolutionProperties) = preSolution
		HideSolutionNode = FALSE
	EndGlobalSection
	GlobalSection(ExtensibilityGlobals) = postSolution
		SolutionGuid = {1A5A460F-AD84-421C-A488-72EFB9779D79}
	EndGlobalSection
EndGlobal
