
Microsoft Visual Studio Solution File, Format Version 12.00
# Visual Studio Version 17
VisualStudioVersion = 17.1.32407.343
MinimumVisualStudioVersion = 10.0.40219.1
Project("{9A19103F-16F7-4668-BE54-9A1E7A4F7556}") = "InstantiatedClasses", "InstantiatedClasses\InstantiatedClasses.csproj", "{46EA1F2F-64F8-45A0-80DA-9CCD10DFF396}"
EndProject
Project("{FAE04EC0-301F-11D3-BF4B-00C04F79EFBC}") = "Homework", "Homework\Homework.csproj", "{5AF5A0D7-4633-4BE4-B8A3-9DCD9752F62E}"
EndProject
Global
	GlobalSection(SolutionConfigurationPlatforms) = preSolution
		Debug|Any CPU = Debug|Any CPU
		Release|Any CPU = Release|Any CPU
	EndGlobalSection
	GlobalSection(ProjectConfigurationPlatforms) = postSolution
		{46EA1F2F-64F8-45A0-80DA-9CCD10DFF396}.Debug|Any CPU.ActiveCfg = Debug|Any CPU
		{46EA1F2F-64F8-45A0-80DA-9CCD10DFF396}.Debug|Any CPU.Build.0 = Debug|Any CPU
		{46EA1F2F-64F8-45A0-80DA-9CCD10DFF396}.Release|Any CPU.ActiveCfg = Release|Any CPU
		{46EA1F2F-64F8-45A0-80DA-9CCD10DFF396}.Release|Any CPU.Build.0 = Release|Any CPU
		{5AF5A0D7-4633-4BE4-B8A3-9DCD9752F62E}.Debug|Any CPU.ActiveCfg = Debug|Any CPU
		{5AF5A0D7-4633-4BE4-B8A3-9DCD9752F62E}.Debug|Any CPU.Build.0 = Debug|Any CPU
		{5AF5A0D7-4633-4BE4-B8A3-9DCD9752F62E}.Release|Any CPU.ActiveCfg = Release|Any CPU
		{5AF5A0D7-4633-4BE4-B8A3-9DCD9752F62E}.Release|Any CPU.Build.0 = Release|Any CPU
	EndGlobalSection
	GlobalSection(SolutionProperties) = preSolution
		HideSolutionNode = FALSE
	EndGlobalSection
	GlobalSection(ExtensibilityGlobals) = postSolution
		SolutionGuid = {B957CB8A-148F-4B3F-8DB2-0C8429709232}
	EndGlobalSection
EndGlobal
