
Microsoft Visual Studio Solution File, Format Version 12.00
# Visual Studio Version 17
VisualStudioVersion = 17.2.32630.192
MinimumVisualStudioVersion = 10.0.40219.1
Project("{FAE04EC0-301F-11D3-BF4B-00C04F79EFBC}") = "MethodOverriding", "MethodOverriding\MethodOverriding.csproj", "{A128E21E-D5A9-4711-A852-93D002038E19}"
EndProject
Project("{FAE04EC0-301F-11D3-BF4B-00C04F79EFBC}") = "MethodOverridingLibrary", "MethodOverridingLibrary\MethodOverridingLibrary.csproj", "{73D65231-4450-4175-872C-7F0EB69BB101}"
EndProject
Project("{FAE04EC0-301F-11D3-BF4B-00C04F79EFBC}") = "Homework", "Homework\Homework.csproj", "{55FAD0FA-4342-4F90-A399-FF173B66EE77}"
EndProject
Global
	GlobalSection(SolutionConfigurationPlatforms) = preSolution
		Debug|Any CPU = Debug|Any CPU
		Release|Any CPU = Release|Any CPU
	EndGlobalSection
	GlobalSection(ProjectConfigurationPlatforms) = postSolution
		{A128E21E-D5A9-4711-A852-93D002038E19}.Debug|Any CPU.ActiveCfg = Debug|Any CPU
		{A128E21E-D5A9-4711-A852-93D002038E19}.Debug|Any CPU.Build.0 = Debug|Any CPU
		{A128E21E-D5A9-4711-A852-93D002038E19}.Release|Any CPU.ActiveCfg = Release|Any CPU
		{A128E21E-D5A9-4711-A852-93D002038E19}.Release|Any CPU.Build.0 = Release|Any CPU
		{73D65231-4450-4175-872C-7F0EB69BB101}.Debug|Any CPU.ActiveCfg = Debug|Any CPU
		{73D65231-4450-4175-872C-7F0EB69BB101}.Debug|Any CPU.Build.0 = Debug|Any CPU
		{73D65231-4450-4175-872C-7F0EB69BB101}.Release|Any CPU.ActiveCfg = Release|Any CPU
		{73D65231-4450-4175-872C-7F0EB69BB101}.Release|Any CPU.Build.0 = Release|Any CPU
		{55FAD0FA-4342-4F90-A399-FF173B66EE77}.Debug|Any CPU.ActiveCfg = Debug|Any CPU
		{55FAD0FA-4342-4F90-A399-FF173B66EE77}.Debug|Any CPU.Build.0 = Debug|Any CPU
		{55FAD0FA-4342-4F90-A399-FF173B66EE77}.Release|Any CPU.ActiveCfg = Release|Any CPU
		{55FAD0FA-4342-4F90-A399-FF173B66EE77}.Release|Any CPU.Build.0 = Release|Any CPU
	EndGlobalSection
	GlobalSection(SolutionProperties) = preSolution
		HideSolutionNode = FALSE
	EndGlobalSection
	GlobalSection(ExtensibilityGlobals) = postSolution
		SolutionGuid = {623B276F-B31B-4B15-B102-BE666B82610C}
	EndGlobalSection
EndGlobal
